
Microsoft Visual Studio Solution File, Format Version 12.00
# Visual Studio 15
VisualStudioVersion = 15.0.28010.2016
MinimumVisualStudioVersion = 10.0.40219.1
Project("{E24C65DC-7377-472B-9ABA-BC803B73C61A}") = "P21Sep2018_1", "P21Sep2018_1\", "{D1168298-61DE-43BD-9598-78270196D8DB}"
	ProjectSection(WebsiteProperties) = preProject
		TargetFrameworkMoniker = ".NETFramework,Version%3Dv4.6.1"
		Debug.AspNetCompiler.VirtualPath = "/localhost_63994"
		Debug.AspNetCompiler.PhysicalPath = "P21Sep2018_1\"
		Debug.AspNetCompiler.TargetPath = "PrecompiledWeb\localhost_63994\"
		Debug.AspNetCompiler.Updateable = "true"
		Debug.AspNetCompiler.ForceOverwrite = "true"
		Debug.AspNetCompiler.FixedNames = "false"
		Debug.AspNetCompiler.Debug = "True"
		Release.AspNetCompiler.VirtualPath = "/localhost_63994"
		Release.AspNetCompiler.PhysicalPath = "P21Sep2018_1\"
		Release.AspNetCompiler.TargetPath = "PrecompiledWeb\localhost_63994\"
		Release.AspNetCompiler.Updateable = "true"
		Release.AspNetCompiler.ForceOverwrite = "true"
		Release.AspNetCompiler.FixedNames = "false"
		Release.AspNetCompiler.Debug = "False"
		VWDPort = "63994"
		SlnRelativePath = "P21Sep2018_1\"
		DefaultWebSiteLanguage = "Visual C#"
	EndProjectSection
EndProject
Global
	GlobalSection(SolutionConfigurationPlatforms) = preSolution
		Debug|Any CPU = Debug|Any CPU
	EndGlobalSection
	GlobalSection(ProjectConfigurationPlatforms) = postSolution
		{D1168298-61DE-43BD-9598-78270196D8DB}.Debug|Any CPU.ActiveCfg = Debug|Any CPU
		{D1168298-61DE-43BD-9598-78270196D8DB}.Debug|Any CPU.Build.0 = Debug|Any CPU
	EndGlobalSection
	GlobalSection(SolutionProperties) = preSolution
		HideSolutionNode = FALSE
	EndGlobalSection
	GlobalSection(ExtensibilityGlobals) = postSolution
		SolutionGuid = {3F671AC6-6F63-46B5-A9EC-CEE909A48D6A}
	EndGlobalSection
EndGlobal
